
Microsoft Visual Studio Solution File, Format Version 12.00
# Visual Studio Version 16
VisualStudioVersion = 16.0.31229.75
MinimumVisualStudioVersion = 10.0.40219.1
Project("{9A19103F-16F7-4668-BE54-9A1E7A4F7556}") = "CleanArchMvc.Domain", "CleanArchMvc.Domain\CleanArchMvc.Domain.csproj", "{12E9C72A-8BBB-4837-A783-6A9E87DEAC2C}"
EndProject
Project("{9A19103F-16F7-4668-BE54-9A1E7A4F7556}") = "CleanArchMvc.Application", "CleanArchMvc.Application\CleanArchMvc.Application.csproj", "{AA0BAA22-F79B-4236-B984-651C32473ECE}"
EndProject
Project("{9A19103F-16F7-4668-BE54-9A1E7A4F7556}") = "CleanArchMvc.Infra.Data", "CleanArchMvc.Infra.Data\CleanArchMvc.Infra.Data.csproj", "{733A2D2F-0F1E-419B-9010-4B651DC3118A}"
EndProject
Project("{9A19103F-16F7-4668-BE54-9A1E7A4F7556}") = "CleanArchMvc.IoC", "CleanArchMvc.IoC\CleanArchMvc.IoC.csproj", "{3C47A78A-DFFB-4557-ADA6-63E770FC8588}"
EndProject
Project("{9A19103F-16F7-4668-BE54-9A1E7A4F7556}") = "CleanArchMvc.WebUI", "CleanArchMvc.WebUI\CleanArchMvc.WebUI.csproj", "{B484CA94-87E1-48BA-B4B0-F7DCC5741746}"
EndProject
Project("{9A19103F-16F7-4668-BE54-9A1E7A4F7556}") = "CleanArchMvc.Domain.Tests", "CleanArchMvc.Domain.Tests\CleanArchMvc.Domain.Tests.csproj", "{76BD1E8F-FC8F-44F0-85B4-E8F310F079C3}"
EndProject
Global
	GlobalSection(SolutionConfigurationPlatforms) = preSolution
		Debug|Any CPU = Debug|Any CPU
		Release|Any CPU = Release|Any CPU
	EndGlobalSection
	GlobalSection(ProjectConfigurationPlatforms) = postSolution
		{12E9C72A-8BBB-4837-A783-6A9E87DEAC2C}.Debug|Any CPU.ActiveCfg = Debug|Any CPU
		{12E9C72A-8BBB-4837-A783-6A9E87DEAC2C}.Debug|Any CPU.Build.0 = Debug|Any CPU
		{12E9C72A-8BBB-4837-A783-6A9E87DEAC2C}.Release|Any CPU.ActiveCfg = Release|Any CPU
		{12E9C72A-8BBB-4837-A783-6A9E87DEAC2C}.Release|Any CPU.Build.0 = Release|Any CPU
		{AA0BAA22-F79B-4236-B984-651C32473ECE}.Debug|Any CPU.ActiveCfg = Debug|Any CPU
		{AA0BAA22-F79B-4236-B984-651C32473ECE}.Debug|Any CPU.Build.0 = Debug|Any CPU
		{AA0BAA22-F79B-4236-B984-651C32473ECE}.Release|Any CPU.ActiveCfg = Release|Any CPU
		{AA0BAA22-F79B-4236-B984-651C32473ECE}.Release|Any CPU.Build.0 = Release|Any CPU
		{733A2D2F-0F1E-419B-9010-4B651DC3118A}.Debug|Any CPU.ActiveCfg = Debug|Any CPU
		{733A2D2F-0F1E-419B-9010-4B651DC3118A}.Debug|Any CPU.Build.0 = Debug|Any CPU
		{733A2D2F-0F1E-419B-9010-4B651DC3118A}.Release|Any CPU.ActiveCfg = Release|Any CPU
		{733A2D2F-0F1E-419B-9010-4B651DC3118A}.Release|Any CPU.Build.0 = Release|Any CPU
		{3C47A78A-DFFB-4557-ADA6-63E770FC8588}.Debug|Any CPU.ActiveCfg = Debug|Any CPU
		{3C47A78A-DFFB-4557-ADA6-63E770FC8588}.Debug|Any CPU.Build.0 = Debug|Any CPU
		{3C47A78A-DFFB-4557-ADA6-63E770FC8588}.Release|Any CPU.ActiveCfg = Release|Any CPU
		{3C47A78A-DFFB-4557-ADA6-63E770FC8588}.Release|Any CPU.Build.0 = Release|Any CPU
		{B484CA94-87E1-48BA-B4B0-F7DCC5741746}.Debug|Any CPU.ActiveCfg = Debug|Any CPU
		{B484CA94-87E1-48BA-B4B0-F7DCC5741746}.Debug|Any CPU.Build.0 = Debug|Any CPU
		{B484CA94-87E1-48BA-B4B0-F7DCC5741746}.Release|Any CPU.ActiveCfg = Release|Any CPU
		{B484CA94-87E1-48BA-B4B0-F7DCC5741746}.Release|Any CPU.Build.0 = Release|Any CPU
		{76BD1E8F-FC8F-44F0-85B4-E8F310F079C3}.Debug|Any CPU.ActiveCfg = Debug|Any CPU
		{76BD1E8F-FC8F-44F0-85B4-E8F310F079C3}.Debug|Any CPU.Build.0 = Debug|Any CPU
		{76BD1E8F-FC8F-44F0-85B4-E8F310F079C3}.Release|Any CPU.ActiveCfg = Release|Any CPU
		{76BD1E8F-FC8F-44F0-85B4-E8F310F079C3}.Release|Any CPU.Build.0 = Release|Any CPU
	EndGlobalSection
	GlobalSection(SolutionProperties) = preSolution
		HideSolutionNode = FALSE
	EndGlobalSection
	GlobalSection(ExtensibilityGlobals) = postSolution
		SolutionGuid = {B9728DDE-B04A-4DB7-A9B7-01F4AD734755}
	EndGlobalSection
EndGlobal
